// !$*UTF8*$!
{
	archiveVersion = 1;
	classes = {
	};
	objectVersion = 50;
	objects = {

/* Begin PBXBuildFile section */
		AD2C718626500A7E00AC2706 /* SideMenuView.swift in Sources */ = {isa = PBXBuildFile; fileRef = AD2C718526500A7E00AC2706 /* SideMenuView.swift */; };
		AD2C718826500AB600AC2706 /* SideMenuHeaderView.swift in Sources */ = {isa = PBXBuildFile; fileRef = AD2C718726500AB600AC2706 /* SideMenuHeaderView.swift */; };
		AD2C718A26500AD700AC2706 /* SideMenuOptionView.swift in Sources */ = {isa = PBXBuildFile; fileRef = AD2C718926500AD700AC2706 /* SideMenuOptionView.swift */; };
		AD2C718C26500B0B00AC2706 /* SideMenuViewModel.swift in Sources */ = {isa = PBXBuildFile; fileRef = AD2C718B26500B0B00AC2706 /* SideMenuViewModel.swift */; };
		ADC928E7264FBA3400DFD223 /* SideMenuApp.swift in Sources */ = {isa = PBXBuildFile; fileRef = ADC928E6264FBA3400DFD223 /* SideMenuApp.swift */; };
		ADC928E9264FBA3400DFD223 /* ContentView.swift in Sources */ = {isa = PBXBuildFile; fileRef = ADC928E8264FBA3400DFD223 /* ContentView.swift */; };
		ADC928EB264FBA3400DFD223 /* Assets.xcassets in Resources */ = {isa = PBXBuildFile; fileRef = ADC928EA264FBA3400DFD223 /* Assets.xcassets */; };
		ADC928EE264FBA3400DFD223 /* Preview Assets.xcassets in Resources */ = {isa = PBXBuildFile; fileRef = ADC928ED264FBA3400DFD223 /* Preview Assets.xcassets */; };
/* End PBXBuildFile section */

/* Begin PBXFileReference section */
		AD2C718526500A7E00AC2706 /* SideMenuView.swift */ = {isa = PBXFileReference; lastKnownFileType = sourcecode.swift; path = SideMenuView.swift; sourceTree = "<group>"; };
		AD2C718726500AB600AC2706 /* SideMenuHeaderView.swift */ = {isa = PBXFileReference; lastKnownFileType = sourcecode.swift; path = SideMenuHeaderView.swift; sourceTree = "<group>"; };
		AD2C718926500AD700AC2706 /* SideMenuOptionView.swift */ = {isa = PBXFileReference; lastKnownFileType = sourcecode.swift; path = SideMenuOptionView.swift; sourceTree = "<group>"; };
		AD2C718B26500B0B00AC2706 /* SideMenuViewModel.swift */ = {isa = PBXFileReference; lastKnownFileType = sourcecode.swift; path = SideMenuViewModel.swift; sourceTree = "<group>"; };
		ADC928E3264FBA3400DFD223 /* SideMenu.app */ = {isa = PBXFileReference; explicitFileType = wrapper.application; includeInIndex = 0; path = SideMenu.app; sourceTree = BUILT_PRODUCTS_DIR; };
		ADC928E6264FBA3400DFD223 /* SideMenuApp.swift */ = {isa = PBXFileReference; lastKnownFileType = sourcecode.swift; path = SideMenuApp.swift; sourceTree = "<group>"; };
		ADC928E8264FBA3400DFD223 /* ContentView.swift */ = {isa = PBXFileReference; lastKnownFileType = sourcecode.swift; path = ContentView.swift; sourceTree = "<group>"; };
		ADC928EA264FBA3400DFD223 /* Assets.xcassets */ = {isa = PBXFileReference; lastKnownFileType = folder.assetcatalog; path = Assets.xcassets; sourceTree = "<group>"; };
		ADC928ED264FBA3400DFD223 /* Preview Assets.xcassets */ = {isa = PBXFileReference; lastKnownFileType = folder.assetcatalog; path = "Preview Assets.xcassets"; sourceTree = "<group>"; };
		ADC928EF264FBA3400DFD223 /* Info.plist */ = {isa = PBXFileReference; lastKnownFileType = text.plist.xml; path = Info.plist; sourceTree = "<group>"; };
/* End PBXFileReference section */

/* Begin PBXFrameworksBuildPhase section */
		ADC928E0264FBA3400DFD223 /* Frameworks */ = {
			isa = PBXFrameworksBuildPhase;
			buildActionMask = 2147483647;
			files = (
			);
			runOnlyForDeploymentPostprocessing = 0;
		};
/* End PBXFrameworksBuildPhase section */

/* Begin PBXGroup section */
		ADC928DA264FBA3400DFD223 = {
			isa = PBXGroup;
			children = (
				ADC928E5264FBA3400DFD223 /* SideMenu */,
				ADC928E4264FBA3400DFD223 /* Products */,
			);
			sourceTree = "<group>";
		};
		ADC928E4264FBA3400DFD223 /* Products */ = {
			isa = PBXGroup;
			children = (
				ADC928E3264FBA3400DFD223 /* SideMenu.app */,
			);
			name = Products;
			sourceTree = "<group>";
		};
		ADC928E5264FBA3400DFD223 /* SideMenu */ = {
			isa = PBXGroup;
			children = (
				ADC928E6264FBA3400DFD223 /* SideMenuApp.swift */,
				ADC928E8264FBA3400DFD223 /* ContentView.swift */,
				AD2C718526500A7E00AC2706 /* SideMenuView.swift */,
				AD2C718726500AB600AC2706 /* SideMenuHeaderView.swift */,
				AD2C718926500AD700AC2706 /* SideMenuOptionView.swift */,
				AD2C718B26500B0B00AC2706 /* SideMenuViewModel.swift */,
				ADC928EA264FBA3400DFD223 /* Assets.xcassets */,
				ADC928EF264FBA3400DFD223 /* Info.plist */,
				ADC928EC264FBA3400DFD223 /* Preview Content */,
			);
			path = SideMenu;
			sourceTree = "<group>";
		};
		ADC928EC264FBA3400DFD223 /* Preview Content */ = {
			isa = PBXGroup;
			children = (
				ADC928ED264FBA3400DFD223 /* Preview Assets.xcassets */,
			);
			path = "Preview Content";
			sourceTree = "<group>";
		};
/* End PBXGroup section */

/* Begin PBXNativeTarget section */
		ADC928E2264FBA3400DFD223 /* SideMenu */ = {
			isa = PBXNativeTarget;
			buildConfigurationList = ADC928F2264FBA3400DFD223 /* Build configuration list for PBXNativeTarget "SideMenu" */;
			buildPhases = (
				ADC928DF264FBA3400DFD223 /* Sources */,
				ADC928E0264FBA3400DFD223 /* Frameworks */,
				ADC928E1264FBA3400DFD223 /* Resources */,
			);
			buildRules = (
			);
			dependencies = (
			);
			name = SideMenu;
			productName = SideMenu;
			productReference = ADC928E3264FBA3400DFD223 /* SideMenu.app */;
			productType = "com.apple.product-type.application";
		};
/* End PBXNativeTarget section */

/* Begin PBXProject section */
		ADC928DB264FBA3400DFD223 /* Project object */ = {
			isa = PBXProject;
			attributes = {
				LastSwiftUpdateCheck = 1250;
				LastUpgradeCheck = 1250;
				TargetAttributes = {
					ADC928E2264FBA3400DFD223 = {
						CreatedOnToolsVersion = 12.5;
					};
				};
			};
			buildConfigurationList = ADC928DE264FBA3400DFD223 /* Build configuration list for PBXProject "SideMenu" */;
			compatibilityVersion = "Xcode 9.3";
			developmentRegion = en;
			hasScannedForEncodings = 0;
			knownRegions = (
				en,
				Base,
			);
			mainGroup = ADC928DA264FBA3400DFD223;
			productRefGroup = ADC928E4264FBA3400DFD223 /* Products */;
			projectDirPath = "";
			projectRoot = "";
			targets = (
				ADC928E2264FBA3400DFD223 /* SideMenu */,
			);
		};
/* End PBXProject section */

/* Begin PBXResourcesBuildPhase section */
		ADC928E1264FBA3400DFD223 /* Resources */ = {
			isa = PBXResourcesBuildPhase;
			buildActionMask = 2147483647;
			files = (
				ADC928EE264FBA3400DFD223 /* Preview Assets.xcassets in Resources */,
				ADC928EB264FBA3400DFD223 /* Assets.xcassets in Resources */,
			);
			runOnlyForDeploymentPostprocessing = 0;
		};
/* End PBXResourcesBuildPhase section */

/* Begin PBXSourcesBuildPhase section */
		ADC928DF264FBA3400DFD223 /* Sources */ = {
			isa = PBXSourcesBuildPhase;
			buildActionMask = 2147483647;
			files = (
				AD2C718626500A7E00AC2706 /* SideMenuView.swift in Sources */,
				AD2C718826500AB600AC2706 /* SideMenuHeaderView.swift in Sources */,
				ADC928E9264FBA3400DFD223 /* ContentView.swift in Sources */,
				AD2C718A26500AD700AC2706 /* SideMenuOptionView.swift in Sources */,
				AD2C718C26500B0B00AC2706 /* SideMenuViewModel.swift in Sources */,
				ADC928E7264FBA3400DFD223 /* SideMenuApp.swift in Sources */,
			);
			runOnlyForDeploymentPostprocessing = 0;
		};
/* End PBXSourcesBuildPhase section */

/* Begin XCBuildConfiguration section */
		ADC928F0264FBA3400DFD223 /* Debug */ = {
			isa = XCBuildConfiguration;
			buildSettings = {
				ALWAYS_SEARCH_USER_PATHS = NO;
				CLANG_ANALYZER_NONNULL = YES;
				CLANG_ANALYZER_NUMBER_OBJECT_CONVERSION = YES_AGGRESSIVE;
				CLANG_CXX_LANGUAGE_STANDARD = "gnu++14";
				CLANG_CXX_LIBRARY = "libc++";
				CLANG_ENABLE_MODULES = YES;
				CLANG_ENABLE_OBJC_ARC = YES;
				CLANG_ENABLE_OBJC_WEAK = YES;
				CLANG_WARN_BLOCK_CAPTURE_AUTORELEASING = YES;
				CLANG_WARN_BOOL_CONVERSION = YES;
				CLANG_WARN_COMMA = YES;
				CLANG_WARN_CONSTANT_CONVERSION = YES;
				CLANG_WARN_DEPRECATED_OBJC_IMPLEMENTATIONS = YES;
				CLANG_WARN_DIRECT_OBJC_ISA_USAGE = YES_ERROR;
				CLANG_WARN_DOCUMENTATION_COMMENTS = YES;
				CLANG_WARN_EMPTY_BODY = YES;
				CLANG_WARN_ENUM_CONVERSION = YES;
				CLANG_WARN_INFINITE_RECURSION = YES;
				CLANG_WARN_INT_CONVERSION = YES;
				CLANG_WARN_NON_LITERAL_NULL_CONVERSION = YES;
				CLANG_WARN_OBJC_IMPLICIT_RETAIN_SELF = YES;
				CLANG_WARN_OBJC_LITERAL_CONVERSION = YES;
				CLANG_WARN_OBJC_ROOT_CLASS = YES_ERROR;
				CLANG_WARN_QUOTED_INCLUDE_IN_FRAMEWORK_HEADER = YES;
				CLANG_WARN_RANGE_LOOP_ANALYSIS = YES;
				CLANG_WARN_STRICT_PROTOTYPES = YES;
				CLANG_WARN_SUSPICIOUS_MOVE = YES;
				CLANG_WARN_UNGUARDED_AVAILABILITY = YES_AGGRESSIVE;
				CLANG_WARN_UNREACHABLE_CODE = YES;
				CLANG_WARN__DUPLICATE_METHOD_MATCH = YES;
				COPY_PHASE_STRIP = NO;
				DEBUG_INFORMATION_FORMAT = dwarf;
				ENABLE_STRICT_OBJC_MSGSEND = YES;
				ENABLE_TESTABILITY = YES;
				GCC_C_LANGUAGE_STANDARD = gnu11;
				GCC_DYNAMIC_NO_PIC = NO;
				GCC_NO_COMMON_BLOCKS = YES;
				GCC_OPTIMIZATION_LEVEL = 0;
				GCC_PREPROCESSOR_DEFINITIONS = (
					"DEBUG=1",
					"$(inherited)",
				);
				GCC_WARN_64_TO_32_BIT_CONVERSION = YES;
				GCC_WARN_ABOUT_RETURN_TYPE = YES_ERROR;
				GCC_WARN_UNDECLARED_SELECTOR = YES;
				GCC_WARN_UNINITIALIZED_AUTOS = YES_AGGRESSIVE;
				GCC_WARN_UNUSED_FUNCTION = YES;
				GCC_WARN_UNUSED_VARIABLE = YES;
				IPHONEOS_DEPLOYMENT_TARGET = 14.5;
				MTL_ENABLE_DEBUG_INFO = INCLUDE_SOURCE;
				MTL_FAST_MATH = YES;
				ONLY_ACTIVE_ARCH = YES;
				SDKROOT = iphoneos;
				SWIFT_ACTIVE_COMPILATION_CONDITIONS = DEBUG;
				SWIFT_OPTIMIZATION_LEVEL = "-Onone";
			};
			name = Debug;
		};
		ADC928F1264FBA3400DFD223 /* Release */ = {
			isa = XCBuildConfiguration;
			buildSettings = {
				ALWAYS_SEARCH_USER_PATHS = NO;
				CLANG_ANALYZER_NONNULL = YES;
				CLANG_ANALYZER_NUMBER_OBJECT_CONVERSION = YES_AGGRESSIVE;
				CLANG_CXX_LANGUAGE_STANDARD = "gnu++14";
				CLANG_CXX_LIBRARY = "libc++";
				CLANG_ENABLE_MODULES = YES;
				CLANG_ENABLE_OBJC_ARC = YES;
				CLANG_ENABLE_OBJC_WEAK = YES;
				CLANG_WARN_BLOCK_CAPTURE_AUTORELEASING = YES;
				CLANG_WARN_BOOL_CONVERSION = YES;
				CLANG_WARN_COMMA = YES;
				CLANG_WARN_CONSTANT_CONVERSION = YES;
				CLANG_WARN_DEPRECATED_OBJC_IMPLEMENTATIONS = YES;
				CLANG_WARN_DIRECT_OBJC_ISA_USAGE = YES_ERROR;
				CLANG_WARN_DOCUMENTATION_COMMENTS = YES;
				CLANG_WARN_EMPTY_BODY = YES;
				CLANG_WARN_ENUM_CONVERSION = YES;
				CLANG_WARN_INFINITE_RECURSION = YES;
				CLANG_WARN_INT_CONVERSION = YES;
				CLANG_WARN_NON_LITERAL_NULL_CONVERSION = YES;
				CLANG_WARN_OBJC_IMPLICIT_RETAIN_SELF = YES;
				CLANG_WARN_OBJC_LITERAL_CONVERSION = YES;
				CLANG_WARN_OBJC_ROOT_CLASS = YES_ERROR;
				CLANG_WARN_QUOTED_INCLUDE_IN_FRAMEWORK_HEADER = YES;
				CLANG_WARN_RANGE_LOOP_ANALYSIS = YES;
				CLANG_WARN_STRICT_PROTOTYPES = YES;
				CLANG_WARN_SUSPICIOUS_MOVE = YES;
				CLANG_WARN_UNGUARDED_AVAILABILITY = YES_AGGRESSIVE;
				CLANG_WARN_UNREACHABLE_CODE = YES;
				CLANG_WARN__DUPLICATE_METHOD_MATCH = YES;
				COPY_PHASE_STRIP = NO;
				DEBUG_INFORMATION_FORMAT = "dwarf-with-dsym";
				ENABLE_NS_ASSERTIONS = NO;
				ENABLE_STRICT_OBJC_MSGSEND = YES;
				GCC_C_LANGUAGE_STANDARD = gnu11;
				GCC_NO_COMMON_BLOCKS = YES;
				GCC_WARN_64_TO_32_BIT_CONVERSION = YES;
				GCC_WARN_ABOUT_RETURN_TYPE = YES_ERROR;
				GCC_WARN_UNDECLARED_SELECTOR = YES;
				GCC_WARN_UNINITIALIZED_AUTOS = YES_AGGRESSIVE;
				GCC_WARN_UNUSED_FUNCTION = YES;
				GCC_WARN_UNUSED_VARIABLE = YES;
				IPHONEOS_DEPLOYMENT_TARGET = 14.5;
				MTL_ENABLE_DEBUG_INFO = NO;
				MTL_FAST_MATH = YES;
				SDKROOT = iphoneos;
				SWIFT_COMPILATION_MODE = wholemodule;
				SWIFT_OPTIMIZATION_LEVEL = "-O";
				VALIDATE_PRODUCT = YES;
			};
			name = Release;
		};
		ADC928F3264FBA3400DFD223 /* Debug */ = {
			isa = XCBuildConfiguration;
			buildSettings = {
				ASSETCATALOG_COMPILER_APPICON_NAME = AppIcon;
				ASSETCATALOG_COMPILER_GLOBAL_ACCENT_COLOR_NAME = AccentColor;
				CODE_SIGN_STYLE = Automatic;
				DEVELOPMENT_ASSET_PATHS = "\"SideMenu/Preview Content\"";
				DEVELOPMENT_TEAM = 76CWP9T3PH;
				ENABLE_PREVIEWS = YES;
				INFOPLIST_FILE = SideMenu/Info.plist;
				IPHONEOS_DEPLOYMENT_TARGET = 14.0;
				LD_RUNPATH_SEARCH_PATHS = (
					"$(inherited)",
					"@executable_path/Frameworks",
				);
				PRODUCT_BUNDLE_IDENTIFIER = com.AkiraAkimoto.SideMenu;
				PRODUCT_NAME = "$(TARGET_NAME)";
				SWIFT_VERSION = 5.0;
				TARGETED_DEVICE_FAMILY = "1,2";
			};
			name = Debug;
		};
		ADC928F4264FBA3400DFD223 /* Release */ = {
			isa = XCBuildConfiguration;
			buildSettings = {
				ASSETCATALOG_COMPILER_APPICON_NAME = AppIcon;
				ASSETCATALOG_COMPILER_GLOBAL_ACCENT_COLOR_NAME = AccentColor;
				CODE_SIGN_STYLE = Automatic;
				DEVELOPMENT_ASSET_PATHS = "\"SideMenu/Preview Content\"";
				DEVELOPMENT_TEAM = 76CWP9T3PH;
				ENABLE_PREVIEWS = YES;
				INFOPLIST_FILE = SideMenu/Info.plist;
				IPHONEOS_DEPLOYMENT_TARGET = 14.0;
				LD_RUNPATH_SEARCH_PATHS = (
					"$(inherited)",
					"@executable_path/Frameworks",
				);
				PRODUCT_BUNDLE_IDENTIFIER = com.AkiraAkimoto.SideMenu;
				PRODUCT_NAME = "$(TARGET_NAME)";
				SWIFT_VERSION = 5.0;
				TARGETED_DEVICE_FAMILY = "1,2";
			};
			name = Release;
		};
/* End XCBuildConfiguration section */

/* Begin XCConfigurationList section */
		ADC928DE264FBA3400DFD223 /* Build configuration list for PBXProject "SideMenu" */ = {
			isa = XCConfigurationList;
			buildConfigurations = (
				ADC928F0264FBA3400DFD223 /* Debug */,
				ADC928F1264FBA3400DFD223 /* Release */,
			);
			defaultConfigurationIsVisible = 0;
			defaultConfigurationName = Release;
		};
		ADC928F2264FBA3400DFD223 /* Build configuration list for PBXNativeTarget "SideMenu" */ = {
			isa = XCConfigurationList;
			buildConfigurations = (
				ADC928F3264FBA3400DFD223 /* Debug */,
				ADC928F4264FBA3400DFD223 /* Release */,
			);
			defaultConfigurationIsVisible = 0;
			defaultConfigurationName = Release;
		};
/* End XCConfigurationList section */
	};
	rootObject = ADC928DB264FBA3400DFD223 /* Project object */;
}
